# This file is automatically @generated by Cargo.
# It is not intended for manual editing.
[[package]]
name = "bufstream"
version = "0.1.4"
source = "registry+https://github.com/rust-lang/crates.io-index"

[[package]]
name = "project_tortoise"
version = "0.1.0"
dependencies = [
 "bufstream 0.1.4 (registry+https://github.com/rust-lang/crates.io-index)",
 "queues 1.1.0 (registry+https://github.com/rust-lang/crates.io-index)",
]

[[package]]
name = "queues"
version = "1.1.0"
source = "registry+https://github.com/rust-lang/crates.io-index"

[metadata]
"checksum bufstream 0.1.4 (registry+https://github.com/rust-lang/crates.io-index)" = "40e38929add23cdf8a366df9b0e088953150724bcbe5fc330b0d8eb3b328eec8"
"checksum queues 1.1.0 (registry+https://github.com/rust-lang/crates.io-index)" = "1475abae4f8ad4998590fe3acfe20104f0a5d48fc420c817cd2c09c3f56151f0"
